
Microsoft Visual Studio Solution File, Format Version 12.00
# Visual Studio Version 17
VisualStudioVersion = 17.0.31903.59
MinimumVisualStudioVersion = 10.0.40219.1
Project("{FAE04EC0-301F-11D3-BF4B-00C04F79EFBC}") = "API", "api\API.csproj", "{A7448866-FC07-4AAF-BD92-CEC0AB236CF5}"
EndProject
Project("{FAE04EC0-301F-11D3-BF4B-00C04F79EFBC}") = "Core", "Core\Core.csproj", "{940035D4-8898-4955-A31D-87CD8677C996}"
EndProject
Project("{FAE04EC0-301F-11D3-BF4B-00C04F79EFBC}") = "Infrastructure", "Infrastructure\Infrastructure.csproj", "{C0465735-8990-4894-A2C5-690DA65C4739}"
EndProject
Global
	GlobalSection(SolutionConfigurationPlatforms) = preSolution
		Debug|Any CPU = Debug|Any CPU
		Release|Any CPU = Release|Any CPU
	EndGlobalSection
	GlobalSection(SolutionProperties) = preSolution
		HideSolutionNode = FALSE
	EndGlobalSection
	GlobalSection(ProjectConfigurationPlatforms) = postSolution
		{A7448866-FC07-4AAF-BD92-CEC0AB236CF5}.Debug|Any CPU.ActiveCfg = Debug|Any CPU
		{A7448866-FC07-4AAF-BD92-CEC0AB236CF5}.Debug|Any CPU.Build.0 = Debug|Any CPU
		{A7448866-FC07-4AAF-BD92-CEC0AB236CF5}.Release|Any CPU.ActiveCfg = Release|Any CPU
		{A7448866-FC07-4AAF-BD92-CEC0AB236CF5}.Release|Any CPU.Build.0 = Release|Any CPU
		{940035D4-8898-4955-A31D-87CD8677C996}.Debug|Any CPU.ActiveCfg = Debug|Any CPU
		{940035D4-8898-4955-A31D-87CD8677C996}.Debug|Any CPU.Build.0 = Debug|Any CPU
		{940035D4-8898-4955-A31D-87CD8677C996}.Release|Any CPU.ActiveCfg = Release|Any CPU
		{940035D4-8898-4955-A31D-87CD8677C996}.Release|Any CPU.Build.0 = Release|Any CPU
		{C0465735-8990-4894-A2C5-690DA65C4739}.Debug|Any CPU.ActiveCfg = Debug|Any CPU
		{C0465735-8990-4894-A2C5-690DA65C4739}.Debug|Any CPU.Build.0 = Debug|Any CPU
		{C0465735-8990-4894-A2C5-690DA65C4739}.Release|Any CPU.ActiveCfg = Release|Any CPU
		{C0465735-8990-4894-A2C5-690DA65C4739}.Release|Any CPU.Build.0 = Release|Any CPU
	EndGlobalSection
EndGlobal
